
Microsoft Visual Studio Solution File, Format Version 12.00
# Visual Studio 15
VisualStudioVersion = 15.0.28307.136
MinimumVisualStudioVersion = 10.0.40219.1
Project("{FAE04EC0-301F-11D3-BF4B-00C04F79EFBC}") = "Final Year Project", "Final Year Project\Final Year Project.csproj", "{0E4EB3A8-F145-4966-B8DC-BDA80F72EF8D}"
EndProject
Global
	GlobalSection(SolutionConfigurationPlatforms) = preSolution
		Debug|Any CPU = Debug|Any CPU
		Release|Any CPU = Release|Any CPU
	EndGlobalSection
	GlobalSection(ProjectConfigurationPlatforms) = postSolution
		{0E4EB3A8-F145-4966-B8DC-BDA80F72EF8D}.Debug|Any CPU.ActiveCfg = Debug|Any CPU
		{0E4EB3A8-F145-4966-B8DC-BDA80F72EF8D}.Debug|Any CPU.Build.0 = Debug|Any CPU
		{0E4EB3A8-F145-4966-B8DC-BDA80F72EF8D}.Release|Any CPU.ActiveCfg = Release|Any CPU
		{0E4EB3A8-F145-4966-B8DC-BDA80F72EF8D}.Release|Any CPU.Build.0 = Release|Any CPU
	EndGlobalSection
	GlobalSection(SolutionProperties) = preSolution
		HideSolutionNode = FALSE
	EndGlobalSection
	GlobalSection(ExtensibilityGlobals) = postSolution
		SolutionGuid = {4171E9B8-511C-4758-91F5-119062C9D3D4}
	EndGlobalSection
EndGlobal
